// !$*UTF8*$!
{
	archiveVersion = 1;
	classes = {
	};
	objectVersion = 46;
	objects = {

/* Begin PBXBuildFile section */
		6B09C1541D8C020800434B33 /* DualScrollableTextView.swift in Sources */ = {isa = PBXBuildFile; fileRef = 6B09C1531D8C020800434B33 /* DualScrollableTextView.swift */; };
		6B3053521D86E577000F344A /* CreateGistDirector.swift in Sources */ = {isa = PBXBuildFile; fileRef = 6B30534F1D86E577000F344A /* CreateGistDirector.swift */; };
		6B3053531D86E577000F344A /* CreateGistScene.swift in Sources */ = {isa = PBXBuildFile; fileRef = 6B3053501D86E577000F344A /* CreateGistScene.swift */; };
		6B3053541D86E577000F344A /* CreateGistStage.swift in Sources */ = {isa = PBXBuildFile; fileRef = 6B3053511D86E577000F344A /* CreateGistStage.swift */; };
		6B3053581D86EBF8000F344A /* GistEntity.swift in Sources */ = {isa = PBXBuildFile; fileRef = 6B3053571D86EBF8000F344A /* GistEntity.swift */; };
		6B5E3EDE1D883B5800E357E2 /* GistTableViewCell.swift in Sources */ = {isa = PBXBuildFile; fileRef = 6B5E3EDD1D883B5800E357E2 /* GistTableViewCell.swift */; };
		6BC3768D1D8A8C9C007F4C87 /* LoginSceneTest.swift in Sources */ = {isa = PBXBuildFile; fileRef = 6BC3768B1D8A8C8E007F4C87 /* LoginSceneTest.swift */; };
		6BC3768F1D8A90F4007F4C87 /* Common.swift in Sources */ = {isa = PBXBuildFile; fileRef = 6BC3768E1D8A90F4007F4C87 /* Common.swift */; };
		6BC3769B1D8AC334007F4C87 /* ViewGistStage.swift in Sources */ = {isa = PBXBuildFile; fileRef = 6BC3769A1D8AC334007F4C87 /* ViewGistStage.swift */; };
		6BC3769E1D8AC413007F4C87 /* ViewGistDirector.swift in Sources */ = {isa = PBXBuildFile; fileRef = 6BC3769C1D8AC413007F4C87 /* ViewGistDirector.swift */; };
		6BC3769F1D8AC413007F4C87 /* ViewGistScene.swift in Sources */ = {isa = PBXBuildFile; fileRef = 6BC3769D1D8AC413007F4C87 /* ViewGistScene.swift */; };
		6BC376A41D8AC501007F4C87 /* ViewGist.storyboard in Resources */ = {isa = PBXBuildFile; fileRef = 6BC376A21D8AC501007F4C87 /* ViewGist.storyboard */; };
		6BC47CEA1D8C3C2000286368 /* ObservableType.swift in Sources */ = {isa = PBXBuildFile; fileRef = 6BC47CE91D8C3C2000286368 /* ObservableType.swift */; };
		6BC47CEB1D8C3D2E00286368 /* CreateGist.storyboard in Resources */ = {isa = PBXBuildFile; fileRef = 6BC376951D8AC2B7007F4C87 /* CreateGist.storyboard */; };
		D32D8E2E1D0BF29900730381 /* Network.swift in Sources */ = {isa = PBXBuildFile; fileRef = D32D8E2D1D0BF29900730381 /* Network.swift */; };
		D32D8E301D0BFAF100730381 /* State.swift in Sources */ = {isa = PBXBuildFile; fileRef = D32D8E2F1D0BFAF100730381 /* State.swift */; };
		D32D8E321D0BFB2500730381 /* NetworkInteractor.swift in Sources */ = {isa = PBXBuildFile; fileRef = D32D8E311D0BFB2500730381 /* NetworkInteractor.swift */; };
		D37CF6A91D0DDB8C00E8CD2A /* Nimble.framework in Frameworks */ = {isa = PBXBuildFile; fileRef = D37CF6A71D0DDB7900E8CD2A /* Nimble.framework */; };
		D37CF6AA1D0DDB8D00E8CD2A /* Nimble.framework in Frameworks */ = {isa = PBXBuildFile; fileRef = D37CF6A71D0DDB7900E8CD2A /* Nimble.framework */; };
		D37CF6AB1D0DDB8F00E8CD2A /* Nimble.framework in Frameworks */ = {isa = PBXBuildFile; fileRef = D37CF6A71D0DDB7900E8CD2A /* Nimble.framework */; };
		D3BD74111D042E650032CC00 /* Assets.xcassets in Resources */ = {isa = PBXBuildFile; fileRef = D3BD74101D042E650032CC00 /* Assets.xcassets */; };
		D3BD741F1D042E650032CC00 /* DeHubTests.swift in Sources */ = {isa = PBXBuildFile; fileRef = D3BD741E1D042E650032CC00 /* DeHubTests.swift */; };
		D3BD742A1D042E650032CC00 /* DeHubUITests.swift in Sources */ = {isa = PBXBuildFile; fileRef = D3BD74291D042E650032CC00 /* DeHubUITests.swift */; };
		D3BD743F1D0431B40032CC00 /* Model.h in Headers */ = {isa = PBXBuildFile; fileRef = D3BD743E1D0431B40032CC00 /* Model.h */; settings = {ATTRIBUTES = (Public, ); }; };
		D3BD74461D0431B50032CC00 /* Model.framework in Frameworks */ = {isa = PBXBuildFile; fileRef = D3BD743C1D0431B40032CC00 /* Model.framework */; };
		D3BD744D1D0431B50032CC00 /* NetworkInteractorTest.swift in Sources */ = {isa = PBXBuildFile; fileRef = D3BD744C1D0431B50032CC00 /* NetworkInteractorTest.swift */; };
		D3BD74511D0431B50032CC00 /* Model.framework in Frameworks */ = {isa = PBXBuildFile; fileRef = D3BD743C1D0431B40032CC00 /* Model.framework */; };
		D3BD74521D0431B50032CC00 /* Model.framework in Embed Frameworks */ = {isa = PBXBuildFile; fileRef = D3BD743C1D0431B40032CC00 /* Model.framework */; settings = {ATTRIBUTES = (CodeSignOnCopy, RemoveHeadersOnCopy, ); }; };
		D3BD74621D0431F00032CC00 /* Scene.h in Headers */ = {isa = PBXBuildFile; fileRef = D3BD74611D0431F00032CC00 /* Scene.h */; settings = {ATTRIBUTES = (Public, ); }; };
		D3BD74691D0431F10032CC00 /* Scene.framework in Frameworks */ = {isa = PBXBuildFile; fileRef = D3BD745F1D0431F00032CC00 /* Scene.framework */; };
		D3BD74701D0431F10032CC00 /* LoginDirectorTest.swift in Sources */ = {isa = PBXBuildFile; fileRef = D3BD746F1D0431F10032CC00 /* LoginDirectorTest.swift */; };
		D3BD74741D0431F10032CC00 /* Scene.framework in Frameworks */ = {isa = PBXBuildFile; fileRef = D3BD745F1D0431F00032CC00 /* Scene.framework */; };
		D3BD74751D0431F10032CC00 /* Scene.framework in Embed Frameworks */ = {isa = PBXBuildFile; fileRef = D3BD745F1D0431F00032CC00 /* Scene.framework */; settings = {ATTRIBUTES = (CodeSignOnCopy, RemoveHeadersOnCopy, ); }; };
		D3BD748A1D043AAB0032CC00 /* Login.storyboard in Resources */ = {isa = PBXBuildFile; fileRef = D3BD74871D043AAB0032CC00 /* Login.storyboard */; };
		D3BD748E1D043BE40032CC00 /* LoginStage.swift in Sources */ = {isa = PBXBuildFile; fileRef = D3BD748D1D043BE40032CC00 /* LoginStage.swift */; };
		D3BD748F1D043DE60032CC00 /* LaunchScreen.storyboard in Resources */ = {isa = PBXBuildFile; fileRef = D3BD74851D043AAB0032CC00 /* LaunchScreen.storyboard */; };
		D3BD74901D043E1C0032CC00 /* LaunchScreen.storyboard in Resources */ = {isa = PBXBuildFile; fileRef = D3BD74851D043AAB0032CC00 /* LaunchScreen.storyboard */; };
		D3CE169B1D0BEB4600749C9F /* BaseScene.swift in Sources */ = {isa = PBXBuildFile; fileRef = D3CE169A1D0BEB4600749C9F /* BaseScene.swift */; };
		D3E0EF521D0C01AE0066AE5C /* RxCocoa.framework in Frameworks */ = {isa = PBXBuildFile; fileRef = D3FFDE011D0576D8004C6569 /* RxCocoa.framework */; };
		D3E0EF581D0D34E10066AE5C /* Services.swift in Sources */ = {isa = PBXBuildFile; fileRef = D3E0EF571D0D34E10066AE5C /* Services.swift */; };
		D3E0EF591D0D3AC30066AE5C /* RxCocoa.framework in Frameworks */ = {isa = PBXBuildFile; fileRef = D3FFDE011D0576D8004C6569 /* RxCocoa.framework */; };
		D3E0EF5A1D0D3AC40066AE5C /* RxCocoa.framework in Frameworks */ = {isa = PBXBuildFile; fileRef = D3FFDE011D0576D8004C6569 /* RxCocoa.framework */; };
		D3E0EF5B1D0D3ACC0066AE5C /* RxSwift.framework in Frameworks */ = {isa = PBXBuildFile; fileRef = D3FFDE001D0576D8004C6569 /* RxSwift.framework */; };
		D3E0EF5C1D0D3ACD0066AE5C /* RxSwift.framework in Frameworks */ = {isa = PBXBuildFile; fileRef = D3FFDE001D0576D8004C6569 /* RxSwift.framework */; };
		D3E0EF5D1D0D3ACE0066AE5C /* RxSwift.framework in Frameworks */ = {isa = PBXBuildFile; fileRef = D3FFDE001D0576D8004C6569 /* RxSwift.framework */; };
		D3E0EF5E1D0D3AF30066AE5C /* RxCocoa.framework in Frameworks */ = {isa = PBXBuildFile; fileRef = D3FFDE011D0576D8004C6569 /* RxCocoa.framework */; };
		D3E0EF5F1D0D3AF70066AE5C /* RxSwift.framework in Frameworks */ = {isa = PBXBuildFile; fileRef = D3FFDE001D0576D8004C6569 /* RxSwift.framework */; };
		D3F43CFD1D152DAE005A0094 /* RequestHelper.swift in Sources */ = {isa = PBXBuildFile; fileRef = D3F43CFC1D152DAE005A0094 /* RequestHelper.swift */; };
		D3F43D031D16A096005A0094 /* Gloss.framework in Frameworks */ = {isa = PBXBuildFile; fileRef = D3F43D021D16A096005A0094 /* Gloss.framework */; };
		D3F43D0B1D191913005A0094 /* Home.storyboard in Resources */ = {isa = PBXBuildFile; fileRef = D3F43D091D191913005A0094 /* Home.storyboard */; };
		D3F43D0D1D191937005A0094 /* HomeStage.swift in Sources */ = {isa = PBXBuildFile; fileRef = D3F43D0C1D191937005A0094 /* HomeStage.swift */; };
		D3F43D0F1D191944005A0094 /* HomeDirector.swift in Sources */ = {isa = PBXBuildFile; fileRef = D3F43D0E1D191944005A0094 /* HomeDirector.swift */; };
		D3F43D111D19195B005A0094 /* HomeScene.swift in Sources */ = {isa = PBXBuildFile; fileRef = D3F43D101D19195B005A0094 /* HomeScene.swift */; };
		D3F5418F1D264C61009A9A27 /* BaseDirector.swift in Sources */ = {isa = PBXBuildFile; fileRef = D3F5418E1D264C61009A9A27 /* BaseDirector.swift */; };
		D3F541921D281C91009A9A27 /* Button.swift in Sources */ = {isa = PBXBuildFile; fileRef = D3F541911D281C91009A9A27 /* Button.swift */; };
		D3F541951D281E51009A9A27 /* UIColor.swift in Sources */ = {isa = PBXBuildFile; fileRef = D3F541941D281E51009A9A27 /* UIColor.swift */; };
		D3F541971D298739009A9A27 /* UIView.swift in Sources */ = {isa = PBXBuildFile; fileRef = D3F541961D298739009A9A27 /* UIView.swift */; };
		D3F541991D2D3D3E009A9A27 /* RoundedCornerView.swift in Sources */ = {isa = PBXBuildFile; fileRef = D3F541981D2D3D3E009A9A27 /* RoundedCornerView.swift */; };
		D3FFDDEE1D044034004C6569 /* AppDelegate.swift in Sources */ = {isa = PBXBuildFile; fileRef = D3BD74091D042E650032CC00 /* AppDelegate.swift */; };
		D3FFDDFA1D045680004C6569 /* DirectedViewController.swift in Sources */ = {isa = PBXBuildFile; fileRef = D3FFDDF91D045680004C6569 /* DirectedViewController.swift */; };
		D3FFDDFC1D04720F004C6569 /* LoginDirector.swift in Sources */ = {isa = PBXBuildFile; fileRef = D3FFDDFB1D04720F004C6569 /* LoginDirector.swift */; };
		D3FFDDFE1D047233004C6569 /* LoginScene.swift in Sources */ = {isa = PBXBuildFile; fileRef = D3FFDDFD1D047233004C6569 /* LoginScene.swift */; };
		D3FFDE041D0576D8004C6569 /* RxSwift.framework in Frameworks */ = {isa = PBXBuildFile; fileRef = D3FFDE001D0576D8004C6569 /* RxSwift.framework */; };
		D3FFDE051D0576D8004C6569 /* RxCocoa.framework in Frameworks */ = {isa = PBXBuildFile; fileRef = D3FFDE011D0576D8004C6569 /* RxCocoa.framework */; };
		D3FFDE0B1D05825D004C6569 /* RxSwift.framework in Frameworks */ = {isa = PBXBuildFile; fileRef = D3FFDE001D0576D8004C6569 /* RxSwift.framework */; };
		D3FFDE0C1D058262004C6569 /* RxCocoa.framework in Frameworks */ = {isa = PBXBuildFile; fileRef = D3FFDE011D0576D8004C6569 /* RxCocoa.framework */; };
/* End PBXBuildFile section */

/* Begin PBXContainerItemProxy section */
		6BC376901D8A9400007F4C87 /* PBXContainerItemProxy */ = {
			isa = PBXContainerItemProxy;
			containerPortal = D3BD73FE1D042E650032CC00 /* Project object */;
			proxyType = 1;
			remoteGlobalIDString = D3BD74051D042E650032CC00;
			remoteInfo = DeHub;
		};
		D3BD741B1D042E650032CC00 /* PBXContainerItemProxy */ = {
			isa = PBXContainerItemProxy;
			containerPortal = D3BD73FE1D042E650032CC00 /* Project object */;
			proxyType = 1;
			remoteGlobalIDString = D3BD74051D042E650032CC00;
			remoteInfo = DeHub;
		};
		D3BD74261D042E650032CC00 /* PBXContainerItemProxy */ = {
			isa = PBXContainerItemProxy;
			containerPortal = D3BD73FE1D042E650032CC00 /* Project object */;
			proxyType = 1;
			remoteGlobalIDString = D3BD74051D042E650032CC00;
			remoteInfo = DeHub;
		};
		D3BD74471D0431B50032CC00 /* PBXContainerItemProxy */ = {
			isa = PBXContainerItemProxy;
			containerPortal = D3BD73FE1D042E650032CC00 /* Project object */;
			proxyType = 1;
			remoteGlobalIDString = D3BD743B1D0431B40032CC00;
			remoteInfo = Model;
		};
		D3BD74491D0431B50032CC00 /* PBXContainerItemProxy */ = {
			isa = PBXContainerItemProxy;
			containerPortal = D3BD73FE1D042E650032CC00 /* Project object */;
			proxyType = 1;
			remoteGlobalIDString = D3BD74051D042E650032CC00;
			remoteInfo = DeHub;
		};
		D3BD744F1D0431B50032CC00 /* PBXContainerItemProxy */ = {
			isa = PBXContainerItemProxy;
			containerPortal = D3BD73FE1D042E650032CC00 /* Project object */;
			proxyType = 1;
			remoteGlobalIDString = D3BD743B1D0431B40032CC00;
			remoteInfo = Model;
		};
		D3BD746A1D0431F10032CC00 /* PBXContainerItemProxy */ = {
			isa = PBXContainerItemProxy;
			containerPortal = D3BD73FE1D042E650032CC00 /* Project object */;
			proxyType = 1;
			remoteGlobalIDString = D3BD745E1D0431F00032CC00;
			remoteInfo = Scene;
		};
		D3BD74721D0431F10032CC00 /* PBXContainerItemProxy */ = {
			isa = PBXContainerItemProxy;
			containerPortal = D3BD73FE1D042E650032CC00 /* Project object */;
			proxyType = 1;
			remoteGlobalIDString = D3BD745E1D0431F00032CC00;
			remoteInfo = Scene;
		};
/* End PBXContainerItemProxy section */

/* Begin PBXCopyFilesBuildPhase section */
		D3BD74561D0431B50032CC00 /* Embed Frameworks */ = {
			isa = PBXCopyFilesBuildPhase;
			buildActionMask = 12;
			dstPath = "";
			dstSubfolderSpec = 10;
			files = (
				D3BD74521D0431B50032CC00 /* Model.framework in Embed Frameworks */,
				D3BD74751D0431F10032CC00 /* Scene.framework in Embed Frameworks */,
			);
			name = "Embed Frameworks";
			runOnlyForDeploymentPostprocessing = 0;
		};
/* End PBXCopyFilesBuildPhase section */

/* Begin PBXFileReference section */
		6B09C1531D8C020800434B33 /* DualScrollableTextView.swift */ = {isa = PBXFileReference; fileEncoding = 4; lastKnownFileType = sourcecode.swift; path = DualScrollableTextView.swift; sourceTree = "<group>"; };
		6B30534F1D86E577000F344A /* CreateGistDirector.swift */ = {isa = PBXFileReference; fileEncoding = 4; lastKnownFileType = sourcecode.swift; name = CreateGistDirector.swift; path = CreateGist/CreateGistDirector.swift; sourceTree = "<group>"; };
		6B3053501D86E577000F344A /* CreateGistScene.swift */ = {isa = PBXFileReference; fileEncoding = 4; lastKnownFileType = sourcecode.swift; name = CreateGistScene.swift; path = CreateGist/CreateGistScene.swift; sourceTree = "<group>"; };
		6B3053511D86E577000F344A /* CreateGistStage.swift */ = {isa = PBXFileReference; fileEncoding = 4; lastKnownFileType = sourcecode.swift; name = CreateGistStage.swift; path = CreateGist/CreateGistStage.swift; sourceTree = "<group>"; };
		6B3053571D86EBF8000F344A /* GistEntity.swift */ = {isa = PBXFileReference; fileEncoding = 4; lastKnownFileType = sourcecode.swift; path = GistEntity.swift; sourceTree = "<group>"; };
		6B5E3EDD1D883B5800E357E2 /* GistTableViewCell.swift */ = {isa = PBXFileReference; fileEncoding = 4; lastKnownFileType = sourcecode.swift; path = GistTableViewCell.swift; sourceTree = "<group>"; };
		6BC3768B1D8A8C8E007F4C87 /* LoginSceneTest.swift */ = {isa = PBXFileReference; fileEncoding = 4; lastKnownFileType = sourcecode.swift; path = LoginSceneTest.swift; sourceTree = "<group>"; };
		6BC3768E1D8A90F4007F4C87 /* Common.swift */ = {isa = PBXFileReference; fileEncoding = 4; lastKnownFileType = sourcecode.swift; path = Common.swift; sourceTree = "<group>"; };
		6BC376961D8AC2B7007F4C87 /* Base */ = {isa = PBXFileReference; lastKnownFileType = file.storyboard; name = Base; path = Base.lproj/CreateGist.storyboard; sourceTree = "<group>"; };
		6BC3769A1D8AC334007F4C87 /* ViewGistStage.swift */ = {isa = PBXFileReference; fileEncoding = 4; lastKnownFileType = sourcecode.swift; name = ViewGistStage.swift; path = ViewGist/ViewGistStage.swift; sourceTree = "<group>"; };
		6BC3769C1D8AC413007F4C87 /* ViewGistDirector.swift */ = {isa = PBXFileReference; fileEncoding = 4; lastKnownFileType = sourcecode.swift; name = ViewGistDirector.swift; path = ViewGist/ViewGistDirector.swift; sourceTree = "<group>"; };
		6BC3769D1D8AC413007F4C87 /* ViewGistScene.swift */ = {isa = PBXFileReference; fileEncoding = 4; lastKnownFileType = sourcecode.swift; name = ViewGistScene.swift; path = ViewGist/ViewGistScene.swift; sourceTree = "<group>"; };
		6BC376A31D8AC501007F4C87 /* Base */ = {isa = PBXFileReference; lastKnownFileType = file.storyboard; name = Base; path = Base.lproj/ViewGist.storyboard; sourceTree = "<group>"; };
		6BC376A51D8BDCCF007F4C87 /* MyPlayground.playground */ = {isa = PBXFileReference; lastKnownFileType = file.playground; path = MyPlayground.playground; sourceTree = "<group>"; };
		6BC47CE91D8C3C2000286368 /* ObservableType.swift */ = {isa = PBXFileReference; fileEncoding = 4; lastKnownFileType = sourcecode.swift; path = ObservableType.swift; sourceTree = "<group>"; };
		D32D8E2D1D0BF29900730381 /* Network.swift */ = {isa = PBXFileReference; fileEncoding = 4; lastKnownFileType = sourcecode.swift; path = Network.swift; sourceTree = "<group>"; };
		D32D8E2F1D0BFAF100730381 /* State.swift */ = {isa = PBXFileReference; fileEncoding = 4; lastKnownFileType = sourcecode.swift; name = State.swift; path = Model/State.swift; sourceTree = SOURCE_ROOT; };
		D32D8E311D0BFB2500730381 /* NetworkInteractor.swift */ = {isa = PBXFileReference; fileEncoding = 4; lastKnownFileType = sourcecode.swift; path = NetworkInteractor.swift; sourceTree = "<group>"; };
		D37CF6A71D0DDB7900E8CD2A /* Nimble.framework */ = {isa = PBXFileReference; lastKnownFileType = wrapper.framework; name = Nimble.framework; path = Carthage/Build/iOS/Nimble.framework; sourceTree = "<group>"; };
		D3BD74061D042E650032CC00 /* DeHub.app */ = {isa = PBXFileReference; explicitFileType = wrapper.application; includeInIndex = 0; path = DeHub.app; sourceTree = BUILT_PRODUCTS_DIR; };
		D3BD74091D042E650032CC00 /* AppDelegate.swift */ = {isa = PBXFileReference; lastKnownFileType = sourcecode.swift; path = AppDelegate.swift; sourceTree = "<group>"; };
		D3BD74101D042E650032CC00 /* Assets.xcassets */ = {isa = PBXFileReference; lastKnownFileType = folder.assetcatalog; path = Assets.xcassets; sourceTree = "<group>"; };
		D3BD74151D042E650032CC00 /* Info.plist */ = {isa = PBXFileReference; lastKnownFileType = text.plist.xml; path = Info.plist; sourceTree = "<group>"; };
		D3BD741A1D042E650032CC00 /* DeHubTests.xctest */ = {isa = PBXFileReference; explicitFileType = wrapper.cfbundle; includeInIndex = 0; path = DeHubTests.xctest; sourceTree = BUILT_PRODUCTS_DIR; };
		D3BD741E1D042E650032CC00 /* DeHubTests.swift */ = {isa = PBXFileReference; lastKnownFileType = sourcecode.swift; path = DeHubTests.swift; sourceTree = "<group>"; };
		D3BD74201D042E650032CC00 /* Info.plist */ = {isa = PBXFileReference; lastKnownFileType = text.plist.xml; path = Info.plist; sourceTree = "<group>"; };
		D3BD74251D042E650032CC00 /* DeHubUITests.xctest */ = {isa = PBXFileReference; explicitFileType = wrapper.cfbundle; includeInIndex = 0; path = DeHubUITests.xctest; sourceTree = BUILT_PRODUCTS_DIR; };
		D3BD74291D042E650032CC00 /* DeHubUITests.swift */ = {isa = PBXFileReference; lastKnownFileType = sourcecode.swift; path = DeHubUITests.swift; sourceTree = "<group>"; };
		D3BD742B1D042E650032CC00 /* Info.plist */ = {isa = PBXFileReference; lastKnownFileType = text.plist.xml; path = Info.plist; sourceTree = "<group>"; };
		D3BD743C1D0431B40032CC00 /* Model.framework */ = {isa = PBXFileReference; explicitFileType = wrapper.framework; includeInIndex = 0; path = Model.framework; sourceTree = BUILT_PRODUCTS_DIR; };
		D3BD743E1D0431B40032CC00 /* Model.h */ = {isa = PBXFileReference; lastKnownFileType = sourcecode.c.h; path = Model.h; sourceTree = "<group>"; };
		D3BD74401D0431B40032CC00 /* Info.plist */ = {isa = PBXFileReference; lastKnownFileType = text.plist.xml; path = Info.plist; sourceTree = "<group>"; };
		D3BD74451D0431B40032CC00 /* ModelTests.xctest */ = {isa = PBXFileReference; explicitFileType = wrapper.cfbundle; includeInIndex = 0; path = ModelTests.xctest; sourceTree = BUILT_PRODUCTS_DIR; };
		D3BD744C1D0431B50032CC00 /* NetworkInteractorTest.swift */ = {isa = PBXFileReference; lastKnownFileType = sourcecode.swift; path = NetworkInteractorTest.swift; sourceTree = "<group>"; };
		D3BD744E1D0431B50032CC00 /* Info.plist */ = {isa = PBXFileReference; lastKnownFileType = text.plist.xml; path = Info.plist; sourceTree = "<group>"; };
		D3BD745F1D0431F00032CC00 /* Scene.framework */ = {isa = PBXFileReference; explicitFileType = wrapper.framework; includeInIndex = 0; path = Scene.framework; sourceTree = BUILT_PRODUCTS_DIR; };
		D3BD74611D0431F00032CC00 /* Scene.h */ = {isa = PBXFileReference; lastKnownFileType = sourcecode.c.h; path = Scene.h; sourceTree = "<group>"; };
		D3BD74631D0431F00032CC00 /* Info.plist */ = {isa = PBXFileReference; lastKnownFileType = text.plist.xml; path = Info.plist; sourceTree = "<group>"; };
		D3BD74681D0431F00032CC00 /* SceneTests.xctest */ = {isa = PBXFileReference; explicitFileType = wrapper.cfbundle; includeInIndex = 0; path = SceneTests.xctest; sourceTree = BUILT_PRODUCTS_DIR; };
		D3BD746F1D0431F10032CC00 /* LoginDirectorTest.swift */ = {isa = PBXFileReference; lastKnownFileType = sourcecode.swift; path = LoginDirectorTest.swift; sourceTree = "<group>"; };
		D3BD74711D0431F10032CC00 /* Info.plist */ = {isa = PBXFileReference; lastKnownFileType = text.plist.xml; path = Info.plist; sourceTree = "<group>"; };
		D3BD74861D043AAB0032CC00 /* Base */ = {isa = PBXFileReference; lastKnownFileType = file.storyboard; name = Base; path = Base.lproj/LaunchScreen.storyboard; sourceTree = "<group>"; };
		D3BD74881D043AAB0032CC00 /* Base */ = {isa = PBXFileReference; lastKnownFileType = file.storyboard; name = Base; path = Base.lproj/Login.storyboard; sourceTree = "<group>"; };
		D3BD748D1D043BE40032CC00 /* LoginStage.swift */ = {isa = PBXFileReference; fileEncoding = 4; lastKnownFileType = sourcecode.swift; path = LoginStage.swift; sourceTree = "<group>"; };
		D3CE169A1D0BEB4600749C9F /* BaseScene.swift */ = {isa = PBXFileReference; fileEncoding = 4; lastKnownFileType = sourcecode.swift; path = BaseScene.swift; sourceTree = "<group>"; };
		D3E0EF571D0D34E10066AE5C /* Services.swift */ = {isa = PBXFileReference; fileEncoding = 4; lastKnownFileType = sourcecode.swift; path = Services.swift; sourceTree = "<group>"; };
		D3F43CFC1D152DAE005A0094 /* RequestHelper.swift */ = {isa = PBXFileReference; fileEncoding = 4; lastKnownFileType = sourcecode.swift; path = RequestHelper.swift; sourceTree = "<group>"; };
		D3F43D021D16A096005A0094 /* Gloss.framework */ = {isa = PBXFileReference; lastKnownFileType = wrapper.framework; name = Gloss.framework; path = Carthage/Build/iOS/Gloss.framework; sourceTree = "<group>"; };
		D3F43D0A1D191913005A0094 /* Base */ = {isa = PBXFileReference; lastKnownFileType = file.storyboard; name = Base; path = Scene/Base.lproj/Home.storyboard; sourceTree = SOURCE_ROOT; };
		D3F43D0C1D191937005A0094 /* HomeStage.swift */ = {isa = PBXFileReference; fileEncoding = 4; lastKnownFileType = sourcecode.swift; path = HomeStage.swift; sourceTree = "<group>"; };
		D3F43D0E1D191944005A0094 /* HomeDirector.swift */ = {isa = PBXFileReference; fileEncoding = 4; lastKnownFileType = sourcecode.swift; path = HomeDirector.swift; sourceTree = "<group>"; };
		D3F43D101D19195B005A0094 /* HomeScene.swift */ = {isa = PBXFileReference; fileEncoding = 4; lastKnownFileType = sourcecode.swift; path = HomeScene.swift; sourceTree = "<group>"; };
		D3F5418E1D264C61009A9A27 /* BaseDirector.swift */ = {isa = PBXFileReference; fileEncoding = 4; lastKnownFileType = sourcecode.swift; path = BaseDirector.swift; sourceTree = "<group>"; };
		D3F541911D281C91009A9A27 /* Button.swift */ = {isa = PBXFileReference; fileEncoding = 4; lastKnownFileType = sourcecode.swift; path = Button.swift; sourceTree = "<group>"; };
		D3F541941D281E51009A9A27 /* UIColor.swift */ = {isa = PBXFileReference; fileEncoding = 4; lastKnownFileType = sourcecode.swift; path = UIColor.swift; sourceTree = "<group>"; };
		D3F541961D298739009A9A27 /* UIView.swift */ = {isa = PBXFileReference; fileEncoding = 4; lastKnownFileType = sourcecode.swift; path = UIView.swift; sourceTree = "<group>"; };
		D3F541981D2D3D3E009A9A27 /* RoundedCornerView.swift */ = {isa = PBXFileReference; fileEncoding = 4; lastKnownFileType = sourcecode.swift; path = RoundedCornerView.swift; sourceTree = "<group>"; };
		D3FFDDF91D045680004C6569 /* DirectedViewController.swift */ = {isa = PBXFileReference; fileEncoding = 4; lastKnownFileType = sourcecode.swift; path = DirectedViewController.swift; sourceTree = "<group>"; };
		D3FFDDFB1D04720F004C6569 /* LoginDirector.swift */ = {isa = PBXFileReference; fileEncoding = 4; lastKnownFileType = sourcecode.swift; path = LoginDirector.swift; sourceTree = "<group>"; };
		D3FFDDFD1D047233004C6569 /* LoginScene.swift */ = {isa = PBXFileReference; fileEncoding = 4; lastKnownFileType = sourcecode.swift; path = LoginScene.swift; sourceTree = "<group>"; };
		D3FFDE001D0576D8004C6569 /* RxSwift.framework */ = {isa = PBXFileReference; lastKnownFileType = wrapper.framework; name = RxSwift.framework; path = Carthage/Build/iOS/RxSwift.framework; sourceTree = "<group>"; };
		D3FFDE011D0576D8004C6569 /* RxCocoa.framework */ = {isa = PBXFileReference; lastKnownFileType = wrapper.framework; name = RxCocoa.framework; path = Carthage/Build/iOS/RxCocoa.framework; sourceTree = "<group>"; };
/* End PBXFileReference section */

/* Begin PBXFrameworksBuildPhase section */
		D3BD74031D042E650032CC00 /* Frameworks */ = {
			isa = PBXFrameworksBuildPhase;
			buildActionMask = 2147483647;
			files = (
				D3FFDE0C1D058262004C6569 /* RxCocoa.framework in Frameworks */,
				D3BD74511D0431B50032CC00 /* Model.framework in Frameworks */,
				D3BD74741D0431F10032CC00 /* Scene.framework in Frameworks */,
				D3FFDE0B1D05825D004C6569 /* RxSwift.framework in Frameworks */,
			);
			runOnlyForDeploymentPostprocessing = 0;
		};
		D3BD74171D042E650032CC00 /* Frameworks */ = {
			isa = PBXFrameworksBuildPhase;
			buildActionMask = 2147483647;
			files = (
				D37CF6AB1D0DDB8F00E8CD2A /* Nimble.framework in Frameworks */,
				D3E0EF5F1D0D3AF70066AE5C /* RxSwift.framework in Frameworks */,
				D3E0EF5E1D0D3AF30066AE5C /* RxCocoa.framework in Frameworks */,
			);
			runOnlyForDeploymentPostprocessing = 0;
		};
		D3BD74221D042E650032CC00 /* Frameworks */ = {
			isa = PBXFrameworksBuildPhase;
			buildActionMask = 2147483647;
			files = (
			);
			runOnlyForDeploymentPostprocessing = 0;
		};
		D3BD74381D0431B40032CC00 /* Frameworks */ = {
			isa = PBXFrameworksBuildPhase;
			buildActionMask = 2147483647;
			files = (
				D3E0EF5B1D0D3ACC0066AE5C /* RxSwift.framework in Frameworks */,
				D3E0EF521D0C01AE0066AE5C /* RxCocoa.framework in Frameworks */,
				D3F43D031D16A096005A0094 /* Gloss.framework in Frameworks */,
			);
			runOnlyForDeploymentPostprocessing = 0;
		};
		D3BD74421D0431B40032CC00 /* Frameworks */ = {
			isa = PBXFrameworksBuildPhase;
			buildActionMask = 2147483647;
			files = (
				D3E0EF591D0D3AC30066AE5C /* RxCocoa.framework in Frameworks */,
				D3BD74461D0431B50032CC00 /* Model.framework in Frameworks */,
				D3E0EF5C1D0D3ACD0066AE5C /* RxSwift.framework in Frameworks */,
				D37CF6A91D0DDB8C00E8CD2A /* Nimble.framework in Frameworks */,
			);
			runOnlyForDeploymentPostprocessing = 0;
		};
		D3BD745B1D0431F00032CC00 /* Frameworks */ = {
			isa = PBXFrameworksBuildPhase;
			buildActionMask = 2147483647;
			files = (
				D3FFDE051D0576D8004C6569 /* RxCocoa.framework in Frameworks */,
				D3FFDE041D0576D8004C6569 /* RxSwift.framework in Frameworks */,
			);
			runOnlyForDeploymentPostprocessing = 0;
		};
		D3BD74651D0431F00032CC00 /* Frameworks */ = {
			isa = PBXFrameworksBuildPhase;
			buildActionMask = 2147483647;
			files = (
				D3E0EF5A1D0D3AC40066AE5C /* RxCocoa.framework in Frameworks */,
				D3BD74691D0431F10032CC00 /* Scene.framework in Frameworks */,
				D3E0EF5D1D0D3ACE0066AE5C /* RxSwift.framework in Frameworks */,
				D37CF6AA1D0DDB8D00E8CD2A /* Nimble.framework in Frameworks */,
			);
			runOnlyForDeploymentPostprocessing = 0;
		};
/* End PBXFrameworksBuildPhase section */

/* Begin PBXGroup section */
		6B30534E1D86E545000F344A /* CreateGist */ = {
			isa = PBXGroup;
			children = (
				6BC376951D8AC2B7007F4C87 /* CreateGist.storyboard */,
				6B30534F1D86E577000F344A /* CreateGistDirector.swift */,
				6B3053501D86E577000F344A /* CreateGistScene.swift */,
				6B3053511D86E577000F344A /* CreateGistStage.swift */,
			);
			name = CreateGist;
			sourceTree = "<group>";
		};
		6BC376921D8AC1F0007F4C87 /* ViewGist */ = {
			isa = PBXGroup;
			children = (
				6BC376A21D8AC501007F4C87 /* ViewGist.storyboard */,
				6BC3769C1D8AC413007F4C87 /* ViewGistDirector.swift */,
				6BC3769D1D8AC413007F4C87 /* ViewGistScene.swift */,
				6BC3769A1D8AC334007F4C87 /* ViewGistStage.swift */,
			);
			name = ViewGist;
			sourceTree = "<group>";
		};
		D32D8E2C1D0BF27E00730381 /* Network */ = {
			isa = PBXGroup;
			children = (
				D3F43CFC1D152DAE005A0094 /* RequestHelper.swift */,
				D32D8E2D1D0BF29900730381 /* Network.swift */,
				D32D8E311D0BFB2500730381 /* NetworkInteractor.swift */,
			);
			path = Network;
			sourceTree = "<group>";
		};
		D3BD73FD1D042E650032CC00 = {
			isa = PBXGroup;
			children = (
				D3FFDDFF1D0576A3004C6569 /* Frameworks */,
				D3BD74081D042E650032CC00 /* DeHub */,
				D3BD741D1D042E650032CC00 /* DeHubTests */,
				D3BD74281D042E650032CC00 /* DeHubUITests */,
				D3BD743D1D0431B40032CC00 /* Model */,
				D3BD744B1D0431B50032CC00 /* ModelTests */,
				D3BD74601D0431F00032CC00 /* Scene */,
				D3BD74071D042E650032CC00 /* Products */,
			);
			sourceTree = "<group>";
		};
		D3BD74071D042E650032CC00 /* Products */ = {
			isa = PBXGroup;
			children = (
				D3BD74061D042E650032CC00 /* DeHub.app */,
				D3BD741A1D042E650032CC00 /* DeHubTests.xctest */,
				D3BD74251D042E650032CC00 /* DeHubUITests.xctest */,
				D3BD743C1D0431B40032CC00 /* Model.framework */,
				D3BD74451D0431B40032CC00 /* ModelTests.xctest */,
				D3BD745F1D0431F00032CC00 /* Scene.framework */,
				D3BD74681D0431F00032CC00 /* SceneTests.xctest */,
			);
			name = Products;
			sourceTree = "<group>";
		};
		D3BD74081D042E650032CC00 /* DeHub */ = {
			isa = PBXGroup;
			children = (
				6BC376A51D8BDCCF007F4C87 /* MyPlayground.playground */,
				D3BD74091D042E650032CC00 /* AppDelegate.swift */,
				D3BD74101D042E650032CC00 /* Assets.xcassets */,
				D3BD74151D042E650032CC00 /* Info.plist */,
			);
			path = DeHub;
			sourceTree = "<group>";
		};
		D3BD741D1D042E650032CC00 /* DeHubTests */ = {
			isa = PBXGroup;
			children = (
				D3BD741E1D042E650032CC00 /* DeHubTests.swift */,
				D3BD74201D042E650032CC00 /* Info.plist */,
			);
			path = DeHubTests;
			sourceTree = "<group>";
		};
		D3BD74281D042E650032CC00 /* DeHubUITests */ = {
			isa = PBXGroup;
			children = (
				D3BD74291D042E650032CC00 /* DeHubUITests.swift */,
				D3BD742B1D042E650032CC00 /* Info.plist */,
			);
			path = DeHubUITests;
			sourceTree = "<group>";
		};
		D3BD743D1D0431B40032CC00 /* Model */ = {
			isa = PBXGroup;
			children = (
				D3BD743E1D0431B40032CC00 /* Model.h */,
				D3BD74401D0431B40032CC00 /* Info.plist */,
				D3E0EF571D0D34E10066AE5C /* Services.swift */,
				D32D8E2F1D0BFAF100730381 /* State.swift */,
				D3F43CFF1D167AC9005A0094 /* Entity */,
				D32D8E2C1D0BF27E00730381 /* Network */,
			);
			path = Model;
			sourceTree = "<group>";
		};
		D3BD744B1D0431B50032CC00 /* ModelTests */ = {
			isa = PBXGroup;
			children = (
				D3BD744C1D0431B50032CC00 /* NetworkInteractorTest.swift */,
				D3BD744E1D0431B50032CC00 /* Info.plist */,
			);
			path = ModelTests;
			sourceTree = "<group>";
		};
		D3BD74601D0431F00032CC00 /* Scene */ = {
			isa = PBXGroup;
			children = (
				D3BD74611D0431F00032CC00 /* Scene.h */,
				D3BD74631D0431F00032CC00 /* Info.plist */,
				D3BD74851D043AAB0032CC00 /* LaunchScreen.storyboard */,
				D3CE169A1D0BEB4600749C9F /* BaseScene.swift */,
				D3F5418E1D264C61009A9A27 /* BaseDirector.swift */,
				D3FFDDF91D045680004C6569 /* DirectedViewController.swift */,
				D3BD746E1D0431F10032CC00 /* SceneTests */,
				D3F541931D281E30009A9A27 /* Extensions */,
				D3F541901D281C3F009A9A27 /* Custom Views */,
				D3BD748C1D043B8D0032CC00 /* Login */,
				D3F43D081D1918AD005A0094 /* Home */,
				6BC376921D8AC1F0007F4C87 /* ViewGist */,
				6B30534E1D86E545000F344A /* CreateGist */,
			);
			path = Scene;
			sourceTree = "<group>";
		};
		D3BD746E1D0431F10032CC00 /* SceneTests */ = {
			isa = PBXGroup;
			children = (
				6BC3768E1D8A90F4007F4C87 /* Common.swift */,
				D3BD746F1D0431F10032CC00 /* LoginDirectorTest.swift */,
				6BC3768B1D8A8C8E007F4C87 /* LoginSceneTest.swift */,
				D3BD74711D0431F10032CC00 /* Info.plist */,
			);
			path = SceneTests;
			sourceTree = SOURCE_ROOT;
		};
		D3BD748C1D043B8D0032CC00 /* Login */ = {
			isa = PBXGroup;
			children = (
				D3BD74871D043AAB0032CC00 /* Login.storyboard */,
				D3BD748D1D043BE40032CC00 /* LoginStage.swift */,
				D3FFDDFB1D04720F004C6569 /* LoginDirector.swift */,
				D3FFDDFD1D047233004C6569 /* LoginScene.swift */,
			);
			path = Login;
			sourceTree = "<group>";
		};
		D3F43CFF1D167AC9005A0094 /* Entity */ = {
			isa = PBXGroup;
			children = (
				6B3053571D86EBF8000F344A /* GistEntity.swift */,
			);
			path = Entity;
			sourceTree = "<group>";
		};
		D3F43D081D1918AD005A0094 /* Home */ = {
			isa = PBXGroup;
			children = (
				D3F43D091D191913005A0094 /* Home.storyboard */,
				D3F43D0C1D191937005A0094 /* HomeStage.swift */,
				D3F43D0E1D191944005A0094 /* HomeDirector.swift */,
				D3F43D101D19195B005A0094 /* HomeScene.swift */,
				6B5E3EDD1D883B5800E357E2 /* GistTableViewCell.swift */,
			);
			path = Home;
			sourceTree = "<group>";
		};
		D3F541901D281C3F009A9A27 /* Custom Views */ = {
			isa = PBXGroup;
			children = (
				D3F541911D281C91009A9A27 /* Button.swift */,
				D3F541981D2D3D3E009A9A27 /* RoundedCornerView.swift */,
				6B09C1531D8C020800434B33 /* DualScrollableTextView.swift */,
			);
			path = "Custom Views";
			sourceTree = "<group>";
		};
		D3F541931D281E30009A9A27 /* Extensions */ = {
			isa = PBXGroup;
			children = (
				6BC47CE91D8C3C2000286368 /* ObservableType.swift */,
				D3F541941D281E51009A9A27 /* UIColor.swift */,
				D3F541961D298739009A9A27 /* UIView.swift */,
			);
			path = Extensions;
			sourceTree = "<group>";
		};
		D3FFDDFF1D0576A3004C6569 /* Frameworks */ = {
			isa = PBXGroup;
			children = (
				D3F43D021D16A096005A0094 /* Gloss.framework */,
				D37CF6A71D0DDB7900E8CD2A /* Nimble.framework */,
				D3FFDE001D0576D8004C6569 /* RxSwift.framework */,
				D3FFDE011D0576D8004C6569 /* RxCocoa.framework */,
			);
			name = Frameworks;
			sourceTree = "<group>";
		};
/* End PBXGroup section */

/* Begin PBXHeadersBuildPhase section */
		D3BD74391D0431B40032CC00 /* Headers */ = {
			isa = PBXHeadersBuildPhase;
			buildActionMask = 2147483647;
			files = (
				D3BD743F1D0431B40032CC00 /* Model.h in Headers */,
				D3BD74621D0431F00032CC00 /* Scene.h in Headers */,
			);
			runOnlyForDeploymentPostprocessing = 0;
		};
		D3BD745C1D0431F00032CC00 /* Headers */ = {
			isa = PBXHeadersBuildPhase;
			buildActionMask = 2147483647;
			files = (
			);
			runOnlyForDeploymentPostprocessing = 0;
		};
/* End PBXHeadersBuildPhase section */

/* Begin PBXNativeTarget section */
		D3BD74051D042E650032CC00 /* DeHub */ = {
			isa = PBXNativeTarget;
			buildConfigurationList = D3BD742E1D042E650032CC00 /* Build configuration list for PBXNativeTarget "DeHub" */;
			buildPhases = (
				D3BD74021D042E650032CC00 /* Sources */,
				D3BD74031D042E650032CC00 /* Frameworks */,
				D3BD74041D042E650032CC00 /* Resources */,
				D3BD74561D0431B50032CC00 /* Embed Frameworks */,
				D3FFDE081D058029004C6569 /* ShellScript */,
			);
			buildRules = (
			);
			dependencies = (
				D3BD74501D0431B50032CC00 /* PBXTargetDependency */,
				D3BD74731D0431F10032CC00 /* PBXTargetDependency */,
			);
			name = DeHub;
			productName = DeHub;
			productReference = D3BD74061D042E650032CC00 /* DeHub.app */;
			productType = "com.apple.product-type.application";
		};
		D3BD74191D042E650032CC00 /* DeHubTests */ = {
			isa = PBXNativeTarget;
			buildConfigurationList = D3BD74311D042E650032CC00 /* Build configuration list for PBXNativeTarget "DeHubTests" */;
			buildPhases = (
				D3BD74161D042E650032CC00 /* Sources */,
				D3BD74171D042E650032CC00 /* Frameworks */,
				D3BD74181D042E650032CC00 /* Resources */,
				D3F43D041D16A401005A0094 /* ShellScript */,
			);
			buildRules = (
			);
			dependencies = (
				D3BD741C1D042E650032CC00 /* PBXTargetDependency */,
			);
			name = DeHubTests;
			productName = DeHubTests;
			productReference = D3BD741A1D042E650032CC00 /* DeHubTests.xctest */;
			productType = "com.apple.product-type.bundle.unit-test";
		};
		D3BD74241D042E650032CC00 /* DeHubUITests */ = {
			isa = PBXNativeTarget;
			buildConfigurationList = D3BD74341D042E650032CC00 /* Build configuration list for PBXNativeTarget "DeHubUITests" */;
			buildPhases = (
				D3BD74211D042E650032CC00 /* Sources */,
				D3BD74221D042E650032CC00 /* Frameworks */,
				D3BD74231D042E650032CC00 /* Resources */,
			);
			buildRules = (
			);
			dependencies = (
				D3BD74271D042E650032CC00 /* PBXTargetDependency */,
			);
			name = DeHubUITests;
			productName = DeHubUITests;
			productReference = D3BD74251D042E650032CC00 /* DeHubUITests.xctest */;
			productType = "com.apple.product-type.bundle.ui-testing";
		};
		D3BD743B1D0431B40032CC00 /* Model */ = {
			isa = PBXNativeTarget;
			buildConfigurationList = D3BD74531D0431B50032CC00 /* Build configuration list for PBXNativeTarget "Model" */;
			buildPhases = (
				D3BD74371D0431B40032CC00 /* Sources */,
				D3BD74381D0431B40032CC00 /* Frameworks */,
				D3BD74391D0431B40032CC00 /* Headers */,
				D3BD743A1D0431B40032CC00 /* Resources */,
			);
			buildRules = (
			);
			dependencies = (
			);
			name = Model;
			productName = Model;
			productReference = D3BD743C1D0431B40032CC00 /* Model.framework */;
			productType = "com.apple.product-type.framework";
		};
		D3BD74441D0431B40032CC00 /* ModelTests */ = {
			isa = PBXNativeTarget;
			buildConfigurationList = D3BD74571D0431B50032CC00 /* Build configuration list for PBXNativeTarget "ModelTests" */;
			buildPhases = (
				D3BD74411D0431B40032CC00 /* Sources */,
				D3BD74421D0431B40032CC00 /* Frameworks */,
				D3BD74431D0431B40032CC00 /* Resources */,
				D3F43D051D16A42E005A0094 /* ShellScript */,
			);
			buildRules = (
			);
			dependencies = (
				D3BD74481D0431B50032CC00 /* PBXTargetDependency */,
				D3BD744A1D0431B50032CC00 /* PBXTargetDependency */,
			);
			name = ModelTests;
			productName = ModelTests;
			productReference = D3BD74451D0431B40032CC00 /* ModelTests.xctest */;
			productType = "com.apple.product-type.bundle.unit-test";
		};
		D3BD745E1D0431F00032CC00 /* Scene */ = {
			isa = PBXNativeTarget;
			buildConfigurationList = D3BD74761D0431F10032CC00 /* Build configuration list for PBXNativeTarget "Scene" */;
			buildPhases = (
				D3BD745A1D0431F00032CC00 /* Sources */,
				D3BD745B1D0431F00032CC00 /* Frameworks */,
				D3BD745C1D0431F00032CC00 /* Headers */,
				D3BD745D1D0431F00032CC00 /* Resources */,
			);
			buildRules = (
			);
			dependencies = (
			);
			name = Scene;
			productName = Scene;
			productReference = D3BD745F1D0431F00032CC00 /* Scene.framework */;
			productType = "com.apple.product-type.framework";
		};
		D3BD74671D0431F00032CC00 /* SceneTests */ = {
			isa = PBXNativeTarget;
			buildConfigurationList = D3BD74791D0431F10032CC00 /* Build configuration list for PBXNativeTarget "SceneTests" */;
			buildPhases = (
				D3BD74641D0431F00032CC00 /* Sources */,
				D3BD74651D0431F00032CC00 /* Frameworks */,
				D3BD74661D0431F00032CC00 /* Resources */,
				D3F43D061D16A437005A0094 /* ShellScript */,
			);
			buildRules = (
			);
			dependencies = (
				6BC376911D8A9400007F4C87 /* PBXTargetDependency */,
				D3BD746B1D0431F10032CC00 /* PBXTargetDependency */,
			);
			name = SceneTests;
			productName = SceneTests;
			productReference = D3BD74681D0431F00032CC00 /* SceneTests.xctest */;
			productType = "com.apple.product-type.bundle.unit-test";
		};
/* End PBXNativeTarget section */

/* Begin PBXProject section */
		D3BD73FE1D042E650032CC00 /* Project object */ = {
			isa = PBXProject;
			attributes = {
				LastSwiftUpdateCheck = 0730;
				LastUpgradeCheck = 0800;
				ORGANIZATIONNAME = Dewire;
				TargetAttributes = {
					D3BD74051D042E650032CC00 = {
						CreatedOnToolsVersion = 7.3.1;
						LastSwiftMigration = 0800;
					};
					D3BD74191D042E650032CC00 = {
						CreatedOnToolsVersion = 7.3.1;
						TestTargetID = D3BD74051D042E650032CC00;
					};
					D3BD74241D042E650032CC00 = {
						CreatedOnToolsVersion = 7.3.1;
						TestTargetID = D3BD74051D042E650032CC00;
					};
					D3BD743B1D0431B40032CC00 = {
						CreatedOnToolsVersion = 7.3.1;
						LastSwiftMigration = 0800;
					};
					D3BD74441D0431B40032CC00 = {
						CreatedOnToolsVersion = 7.3.1;
						TestTargetID = D3BD74051D042E650032CC00;
					};
					D3BD745E1D0431F00032CC00 = {
						CreatedOnToolsVersion = 7.3.1;
						LastSwiftMigration = 0800;
					};
					D3BD74671D0431F00032CC00 = {
						CreatedOnToolsVersion = 7.3.1;
						TestTargetID = D3BD74051D042E650032CC00;
					};
				};
			};
			buildConfigurationList = D3BD74011D042E650032CC00 /* Build configuration list for PBXProject "DeHub" */;
			compatibilityVersion = "Xcode 3.2";
			developmentRegion = English;
			hasScannedForEncodings = 0;
			knownRegions = (
				en,
				Base,
			);
			mainGroup = D3BD73FD1D042E650032CC00;
			productRefGroup = D3BD74071D042E650032CC00 /* Products */;
			projectDirPath = "";
			projectRoot = "";
			targets = (
				D3BD74051D042E650032CC00 /* DeHub */,
				D3BD74191D042E650032CC00 /* DeHubTests */,
				D3BD74241D042E650032CC00 /* DeHubUITests */,
				D3BD743B1D0431B40032CC00 /* Model */,
				D3BD74441D0431B40032CC00 /* ModelTests */,
				D3BD745E1D0431F00032CC00 /* Scene */,
				D3BD74671D0431F00032CC00 /* SceneTests */,
			);
		};
/* End PBXProject section */

/* Begin PBXResourcesBuildPhase section */
		D3BD74041D042E650032CC00 /* Resources */ = {
			isa = PBXResourcesBuildPhase;
			buildActionMask = 2147483647;
			files = (
				D3BD74111D042E650032CC00 /* Assets.xcassets in Resources */,
				D3BD748F1D043DE60032CC00 /* LaunchScreen.storyboard in Resources */,
			);
			runOnlyForDeploymentPostprocessing = 0;
		};
		D3BD74181D042E650032CC00 /* Resources */ = {
			isa = PBXResourcesBuildPhase;
			buildActionMask = 2147483647;
			files = (
			);
			runOnlyForDeploymentPostprocessing = 0;
		};
		D3BD74231D042E650032CC00 /* Resources */ = {
			isa = PBXResourcesBuildPhase;
			buildActionMask = 2147483647;
			files = (
			);
			runOnlyForDeploymentPostprocessing = 0;
		};
		D3BD743A1D0431B40032CC00 /* Resources */ = {
			isa = PBXResourcesBuildPhase;
			buildActionMask = 2147483647;
			files = (
			);
			runOnlyForDeploymentPostprocessing = 0;
		};
		D3BD74431D0431B40032CC00 /* Resources */ = {
			isa = PBXResourcesBuildPhase;
			buildActionMask = 2147483647;
			files = (
			);
			runOnlyForDeploymentPostprocessing = 0;
		};
		D3BD745D1D0431F00032CC00 /* Resources */ = {
			isa = PBXResourcesBuildPhase;
			buildActionMask = 2147483647;
			files = (
				6BC47CEB1D8C3D2E00286368 /* CreateGist.storyboard in Resources */,
				D3F43D0B1D191913005A0094 /* Home.storyboard in Resources */,
				6BC376A41D8AC501007F4C87 /* ViewGist.storyboard in Resources */,
				D3BD748A1D043AAB0032CC00 /* Login.storyboard in Resources */,
				D3BD74901D043E1C0032CC00 /* LaunchScreen.storyboard in Resources */,
			);
			runOnlyForDeploymentPostprocessing = 0;
		};
		D3BD74661D0431F00032CC00 /* Resources */ = {
			isa = PBXResourcesBuildPhase;
			buildActionMask = 2147483647;
			files = (
			);
			runOnlyForDeploymentPostprocessing = 0;
		};
/* End PBXResourcesBuildPhase section */

/* Begin PBXShellScriptBuildPhase section */
		D3F43D041D16A401005A0094 /* ShellScript */ = {
			isa = PBXShellScriptBuildPhase;
			buildActionMask = 2147483647;
			files = (
			);
			inputPaths = (
				"$(SRCROOT)/Carthage/Build/iOS/Nimble.framework",
			);
			outputPaths = (
			);
			runOnlyForDeploymentPostprocessing = 0;
			shellPath = /bin/sh;
			shellScript = "/usr/local/bin/carthage copy-frameworks";
		};
		D3F43D051D16A42E005A0094 /* ShellScript */ = {
			isa = PBXShellScriptBuildPhase;
			buildActionMask = 2147483647;
			files = (
			);
			inputPaths = (
				"$(SRCROOT)/Carthage/Build/iOS/Nimble.framework",
			);
			outputPaths = (
			);
			runOnlyForDeploymentPostprocessing = 0;
			shellPath = /bin/sh;
			shellScript = "/usr/local/bin/carthage copy-frameworks";
		};
		D3F43D061D16A437005A0094 /* ShellScript */ = {
			isa = PBXShellScriptBuildPhase;
			buildActionMask = 2147483647;
			files = (
			);
			inputPaths = (
				"$(SRCROOT)/Carthage/Build/iOS/Nimble.framework",
			);
			outputPaths = (
			);
			runOnlyForDeploymentPostprocessing = 0;
			shellPath = /bin/sh;
			shellScript = "/usr/local/bin/carthage copy-frameworks";
		};
		D3FFDE081D058029004C6569 /* ShellScript */ = {
			isa = PBXShellScriptBuildPhase;
			buildActionMask = 2147483647;
			files = (
			);
			inputPaths = (
				"$(SRCROOT)/Carthage/Build/iOS/RxSwift.framework",
				"$(SRCROOT)/Carthage/Build/iOS/RxCocoa.framework",
				"$(SRCROOT)/Carthage/Build/iOS/Gloss.framework",
			);
			outputPaths = (
			);
			runOnlyForDeploymentPostprocessing = 0;
			shellPath = /bin/sh;
			shellScript = "/usr/local/bin/carthage copy-frameworks";
		};
/* End PBXShellScriptBuildPhase section */

/* Begin PBXSourcesBuildPhase section */
		D3BD74021D042E650032CC00 /* Sources */ = {
			isa = PBXSourcesBuildPhase;
			buildActionMask = 2147483647;
			files = (
				D3FFDDEE1D044034004C6569 /* AppDelegate.swift in Sources */,
			);
			runOnlyForDeploymentPostprocessing = 0;
		};
		D3BD74161D042E650032CC00 /* Sources */ = {
			isa = PBXSourcesBuildPhase;
			buildActionMask = 2147483647;
			files = (
				D3BD741F1D042E650032CC00 /* DeHubTests.swift in Sources */,
			);
			runOnlyForDeploymentPostprocessing = 0;
		};
		D3BD74211D042E650032CC00 /* Sources */ = {
			isa = PBXSourcesBuildPhase;
			buildActionMask = 2147483647;
			files = (
				D3BD742A1D042E650032CC00 /* DeHubUITests.swift in Sources */,
			);
			runOnlyForDeploymentPostprocessing = 0;
		};
		D3BD74371D0431B40032CC00 /* Sources */ = {
			isa = PBXSourcesBuildPhase;
			buildActionMask = 2147483647;
			files = (
				6B3053581D86EBF8000F344A /* GistEntity.swift in Sources */,
				D3E0EF581D0D34E10066AE5C /* Services.swift in Sources */,
				D32D8E2E1D0BF29900730381 /* Network.swift in Sources */,
				D32D8E301D0BFAF100730381 /* State.swift in Sources */,
				D3F43CFD1D152DAE005A0094 /* RequestHelper.swift in Sources */,
				D32D8E321D0BFB2500730381 /* NetworkInteractor.swift in Sources */,
			);
			runOnlyForDeploymentPostprocessing = 0;
		};
		D3BD74411D0431B40032CC00 /* Sources */ = {
			isa = PBXSourcesBuildPhase;
			buildActionMask = 2147483647;
			files = (
				D3BD744D1D0431B50032CC00 /* NetworkInteractorTest.swift in Sources */,
			);
			runOnlyForDeploymentPostprocessing = 0;
		};
		D3BD745A1D0431F00032CC00 /* Sources */ = {
			isa = PBXSourcesBuildPhase;
			buildActionMask = 2147483647;
			files = (
				6B09C1541D8C020800434B33 /* DualScrollableTextView.swift in Sources */,
				D3F541971D298739009A9A27 /* UIView.swift in Sources */,
				D3FFDDFE1D047233004C6569 /* LoginScene.swift in Sources */,
				6B3053521D86E577000F344A /* CreateGistDirector.swift in Sources */,
				D3F5418F1D264C61009A9A27 /* BaseDirector.swift in Sources */,
				D3CE169B1D0BEB4600749C9F /* BaseScene.swift in Sources */,
				D3FFDDFA1D045680004C6569 /* DirectedViewController.swift in Sources */,
				6BC3769F1D8AC413007F4C87 /* ViewGistScene.swift in Sources */,
				D3BD748E1D043BE40032CC00 /* LoginStage.swift in Sources */,
				D3F541991D2D3D3E009A9A27 /* RoundedCornerView.swift in Sources */,
				6BC47CEA1D8C3C2000286368 /* ObservableType.swift in Sources */,
				6B5E3EDE1D883B5800E357E2 /* GistTableViewCell.swift in Sources */,
				6B3053531D86E577000F344A /* CreateGistScene.swift in Sources */,
				D3FFDDFC1D04720F004C6569 /* LoginDirector.swift in Sources */,
				D3F541921D281C91009A9A27 /* Button.swift in Sources */,
				D3F43D0D1D191937005A0094 /* HomeStage.swift in Sources */,
				6BC3769E1D8AC413007F4C87 /* ViewGistDirector.swift in Sources */,
				D3F541951D281E51009A9A27 /* UIColor.swift in Sources */,
				D3F43D0F1D191944005A0094 /* HomeDirector.swift in Sources */,
				D3F43D111D19195B005A0094 /* HomeScene.swift in Sources */,
				6BC3769B1D8AC334007F4C87 /* ViewGistStage.swift in Sources */,
				6B3053541D86E577000F344A /* CreateGistStage.swift in Sources */,
			);
			runOnlyForDeploymentPostprocessing = 0;
		};
		D3BD74641D0431F00032CC00 /* Sources */ = {
			isa = PBXSourcesBuildPhase;
			buildActionMask = 2147483647;
			files = (
				6BC3768D1D8A8C9C007F4C87 /* LoginSceneTest.swift in Sources */,
				6BC3768F1D8A90F4007F4C87 /* Common.swift in Sources */,
				D3BD74701D0431F10032CC00 /* LoginDirectorTest.swift in Sources */,
			);
			runOnlyForDeploymentPostprocessing = 0;
		};
/* End PBXSourcesBuildPhase section */

/* Begin PBXTargetDependency section */
		6BC376911D8A9400007F4C87 /* PBXTargetDependency */ = {
			isa = PBXTargetDependency;
			target = D3BD74051D042E650032CC00 /* DeHub */;
			targetProxy = 6BC376901D8A9400007F4C87 /* PBXContainerItemProxy */;
		};
		D3BD741C1D042E650032CC00 /* PBXTargetDependency */ = {
			isa = PBXTargetDependency;
			target = D3BD74051D042E650032CC00 /* DeHub */;
			targetProxy = D3BD741B1D042E650032CC00 /* PBXContainerItemProxy */;
		};
		D3BD74271D042E650032CC00 /* PBXTargetDependency */ = {
			isa = PBXTargetDependency;
			target = D3BD74051D042E650032CC00 /* DeHub */;
			targetProxy = D3BD74261D042E650032CC00 /* PBXContainerItemProxy */;
		};
		D3BD74481D0431B50032CC00 /* PBXTargetDependency */ = {
			isa = PBXTargetDependency;
			target = D3BD743B1D0431B40032CC00 /* Model */;
			targetProxy = D3BD74471D0431B50032CC00 /* PBXContainerItemProxy */;
		};
		D3BD744A1D0431B50032CC00 /* PBXTargetDependency */ = {
			isa = PBXTargetDependency;
			target = D3BD74051D042E650032CC00 /* DeHub */;
			targetProxy = D3BD74491D0431B50032CC00 /* PBXContainerItemProxy */;
		};
		D3BD74501D0431B50032CC00 /* PBXTargetDependency */ = {
			isa = PBXTargetDependency;
			target = D3BD743B1D0431B40032CC00 /* Model */;
			targetProxy = D3BD744F1D0431B50032CC00 /* PBXContainerItemProxy */;
		};
		D3BD746B1D0431F10032CC00 /* PBXTargetDependency */ = {
			isa = PBXTargetDependency;
			target = D3BD745E1D0431F00032CC00 /* Scene */;
			targetProxy = D3BD746A1D0431F10032CC00 /* PBXContainerItemProxy */;
		};
		D3BD74731D0431F10032CC00 /* PBXTargetDependency */ = {
			isa = PBXTargetDependency;
			target = D3BD745E1D0431F00032CC00 /* Scene */;
			targetProxy = D3BD74721D0431F10032CC00 /* PBXContainerItemProxy */;
		};
/* End PBXTargetDependency section */

/* Begin PBXVariantGroup section */
		6BC376951D8AC2B7007F4C87 /* CreateGist.storyboard */ = {
			isa = PBXVariantGroup;
			children = (
				6BC376961D8AC2B7007F4C87 /* Base */,
			);
			name = CreateGist.storyboard;
			sourceTree = "<group>";
		};
		6BC376A21D8AC501007F4C87 /* ViewGist.storyboard */ = {
			isa = PBXVariantGroup;
			children = (
				6BC376A31D8AC501007F4C87 /* Base */,
			);
			name = ViewGist.storyboard;
			sourceTree = "<group>";
		};
		D3BD74851D043AAB0032CC00 /* LaunchScreen.storyboard */ = {
			isa = PBXVariantGroup;
			children = (
				D3BD74861D043AAB0032CC00 /* Base */,
			);
			name = LaunchScreen.storyboard;
			sourceTree = "<group>";
		};
		D3BD74871D043AAB0032CC00 /* Login.storyboard */ = {
			isa = PBXVariantGroup;
			children = (
				D3BD74881D043AAB0032CC00 /* Base */,
			);
			name = Login.storyboard;
			path = ..;
			sourceTree = "<group>";
		};
		D3F43D091D191913005A0094 /* Home.storyboard */ = {
			isa = PBXVariantGroup;
			children = (
				D3F43D0A1D191913005A0094 /* Base */,
			);
			name = Home.storyboard;
			sourceTree = "<group>";
		};
/* End PBXVariantGroup section */

/* Begin XCBuildConfiguration section */
		D3BD742C1D042E650032CC00 /* Debug */ = {
			isa = XCBuildConfiguration;
			buildSettings = {
				ALWAYS_SEARCH_USER_PATHS = NO;
				CLANG_ANALYZER_NONNULL = YES;
				CLANG_CXX_LANGUAGE_STANDARD = "gnu++0x";
				CLANG_CXX_LIBRARY = "libc++";
				CLANG_ENABLE_MODULES = YES;
				CLANG_ENABLE_OBJC_ARC = YES;
				CLANG_WARN_BOOL_CONVERSION = YES;
				CLANG_WARN_CONSTANT_CONVERSION = YES;
				CLANG_WARN_DIRECT_OBJC_ISA_USAGE = YES_ERROR;
				CLANG_WARN_EMPTY_BODY = YES;
				CLANG_WARN_ENUM_CONVERSION = YES;
				CLANG_WARN_INFINITE_RECURSION = YES;
				CLANG_WARN_INT_CONVERSION = YES;
				CLANG_WARN_OBJC_ROOT_CLASS = YES_ERROR;
				CLANG_WARN_SUSPICIOUS_MOVE = YES;
				CLANG_WARN_UNREACHABLE_CODE = YES;
				CLANG_WARN__DUPLICATE_METHOD_MATCH = YES;
				"CODE_SIGN_IDENTITY[sdk=iphoneos*]" = "iPhone Developer";
				COPY_PHASE_STRIP = NO;
				DEBUG_INFORMATION_FORMAT = dwarf;
				ENABLE_STRICT_OBJC_MSGSEND = YES;
				ENABLE_TESTABILITY = YES;
				GCC_C_LANGUAGE_STANDARD = gnu99;
				GCC_DYNAMIC_NO_PIC = NO;
				GCC_NO_COMMON_BLOCKS = YES;
				GCC_OPTIMIZATION_LEVEL = 0;
				GCC_PREPROCESSOR_DEFINITIONS = (
					"DEBUG=1",
					"$(inherited)",
				);
				GCC_WARN_64_TO_32_BIT_CONVERSION = YES;
				GCC_WARN_ABOUT_RETURN_TYPE = YES_ERROR;
				GCC_WARN_UNDECLARED_SELECTOR = YES;
				GCC_WARN_UNINITIALIZED_AUTOS = YES_AGGRESSIVE;
				GCC_WARN_UNUSED_FUNCTION = YES;
				GCC_WARN_UNUSED_VARIABLE = YES;
				IPHONEOS_DEPLOYMENT_TARGET = 9.3;
				MTL_ENABLE_DEBUG_INFO = YES;
				ONLY_ACTIVE_ARCH = YES;
				SDKROOT = iphoneos;
				SWIFT_OPTIMIZATION_LEVEL = "-Onone";
				SWIFT_VERSION = 3.0;
				TARGETED_DEVICE_FAMILY = "1,2";
			};
			name = Debug;
		};
		D3BD742D1D042E650032CC00 /* Release */ = {
			isa = XCBuildConfiguration;
			buildSettings = {
				ALWAYS_SEARCH_USER_PATHS = NO;
				CLANG_ANALYZER_NONNULL = YES;
				CLANG_CXX_LANGUAGE_STANDARD = "gnu++0x";
				CLANG_CXX_LIBRARY = "libc++";
				CLANG_ENABLE_MODULES = YES;
				CLANG_ENABLE_OBJC_ARC = YES;
				CLANG_WARN_BOOL_CONVERSION = YES;
				CLANG_WARN_CONSTANT_CONVERSION = YES;
				CLANG_WARN_DIRECT_OBJC_ISA_USAGE = YES_ERROR;
				CLANG_WARN_EMPTY_BODY = YES;
				CLANG_WARN_ENUM_CONVERSION = YES;
				CLANG_WARN_INFINITE_RECURSION = YES;
				CLANG_WARN_INT_CONVERSION = YES;
				CLANG_WARN_OBJC_ROOT_CLASS = YES_ERROR;
				CLANG_WARN_SUSPICIOUS_MOVE = YES;
				CLANG_WARN_UNREACHABLE_CODE = YES;
				CLANG_WARN__DUPLICATE_METHOD_MATCH = YES;
				"CODE_SIGN_IDENTITY[sdk=iphoneos*]" = "iPhone Developer";
				COPY_PHASE_STRIP = NO;
				DEBUG_INFORMATION_FORMAT = "dwarf-with-dsym";
				ENABLE_NS_ASSERTIONS = NO;
				ENABLE_STRICT_OBJC_MSGSEND = YES;
				GCC_C_LANGUAGE_STANDARD = gnu99;
				GCC_NO_COMMON_BLOCKS = YES;
				GCC_WARN_64_TO_32_BIT_CONVERSION = YES;
				GCC_WARN_ABOUT_RETURN_TYPE = YES_ERROR;
				GCC_WARN_UNDECLARED_SELECTOR = YES;
				GCC_WARN_UNINITIALIZED_AUTOS = YES_AGGRESSIVE;
				GCC_WARN_UNUSED_FUNCTION = YES;
				GCC_WARN_UNUSED_VARIABLE = YES;
				IPHONEOS_DEPLOYMENT_TARGET = 9.3;
				MTL_ENABLE_DEBUG_INFO = NO;
				SDKROOT = iphoneos;
				SWIFT_OPTIMIZATION_LEVEL = "-Owholemodule";
				SWIFT_VERSION = 3.0;
				TARGETED_DEVICE_FAMILY = "1,2";
				VALIDATE_PRODUCT = YES;
			};
			name = Release;
		};
		D3BD742F1D042E650032CC00 /* Debug */ = {
			isa = XCBuildConfiguration;
			buildSettings = {
				ALWAYS_EMBED_SWIFT_STANDARD_LIBRARIES = YES;
				ASSETCATALOG_COMPILER_APPICON_NAME = AppIcon;
				FRAMEWORK_SEARCH_PATHS = (
					"$(inherited)",
					"$(PROJECT_DIR)/Carthage/Build/iOS",
				);
				INFOPLIST_FILE = DeHub/Info.plist;
				LD_RUNPATH_SEARCH_PATHS = "$(inherited) @executable_path/Frameworks";
				PRODUCT_BUNDLE_IDENTIFIER = com.dewire.DeHub;
				PRODUCT_NAME = "$(TARGET_NAME)";
				SWIFT_VERSION = 3.0;
			};
			name = Debug;
		};
		D3BD74301D042E650032CC00 /* Release */ = {
			isa = XCBuildConfiguration;
			buildSettings = {
				ALWAYS_EMBED_SWIFT_STANDARD_LIBRARIES = YES;
				ASSETCATALOG_COMPILER_APPICON_NAME = AppIcon;
				FRAMEWORK_SEARCH_PATHS = (
					"$(inherited)",
					"$(PROJECT_DIR)/Carthage/Build/iOS",
				);
				INFOPLIST_FILE = DeHub/Info.plist;
				LD_RUNPATH_SEARCH_PATHS = "$(inherited) @executable_path/Frameworks";
				PRODUCT_BUNDLE_IDENTIFIER = com.dewire.DeHub;
				PRODUCT_NAME = "$(TARGET_NAME)";
				SWIFT_VERSION = 3.0;
			};
			name = Release;
		};
		D3BD74321D042E650032CC00 /* Debug */ = {
			isa = XCBuildConfiguration;
			buildSettings = {
				BUNDLE_LOADER = "$(TEST_HOST)";
				FRAMEWORK_SEARCH_PATHS = (
					"$(inherited)",
					"$(PROJECT_DIR)/Carthage/Build/iOS",
				);
				INFOPLIST_FILE = DeHubTests/Info.plist;
				LD_RUNPATH_SEARCH_PATHS = "$(inherited) @executable_path/Frameworks @loader_path/Frameworks";
				PRODUCT_BUNDLE_IDENTIFIER = com.dewire.DeHubTests;
				PRODUCT_NAME = "$(TARGET_NAME)";
				TEST_HOST = "$(BUILT_PRODUCTS_DIR)/DeHub.app/DeHub";
			};
			name = Debug;
		};
		D3BD74331D042E650032CC00 /* Release */ = {
			isa = XCBuildConfiguration;
			buildSettings = {
				BUNDLE_LOADER = "$(TEST_HOST)";
				FRAMEWORK_SEARCH_PATHS = (
					"$(inherited)",
					"$(PROJECT_DIR)/Carthage/Build/iOS",
				);
				INFOPLIST_FILE = DeHubTests/Info.plist;
				LD_RUNPATH_SEARCH_PATHS = "$(inherited) @executable_path/Frameworks @loader_path/Frameworks";
				PRODUCT_BUNDLE_IDENTIFIER = com.dewire.DeHubTests;
				PRODUCT_NAME = "$(TARGET_NAME)";
				TEST_HOST = "$(BUILT_PRODUCTS_DIR)/DeHub.app/DeHub";
			};
			name = Release;
		};
		D3BD74351D042E650032CC00 /* Debug */ = {
			isa = XCBuildConfiguration;
			buildSettings = {
				INFOPLIST_FILE = DeHubUITests/Info.plist;
				LD_RUNPATH_SEARCH_PATHS = "$(inherited) @executable_path/Frameworks @loader_path/Frameworks";
				PRODUCT_BUNDLE_IDENTIFIER = com.dewire.DeHubUITests;
				PRODUCT_NAME = "$(TARGET_NAME)";
				TEST_TARGET_NAME = DeHub;
			};
			name = Debug;
		};
		D3BD74361D042E650032CC00 /* Release */ = {
			isa = XCBuildConfiguration;
			buildSettings = {
				INFOPLIST_FILE = DeHubUITests/Info.plist;
				LD_RUNPATH_SEARCH_PATHS = "$(inherited) @executable_path/Frameworks @loader_path/Frameworks";
				PRODUCT_BUNDLE_IDENTIFIER = com.dewire.DeHubUITests;
				PRODUCT_NAME = "$(TARGET_NAME)";
				TEST_TARGET_NAME = DeHub;
			};
			name = Release;
		};
		D3BD74541D0431B50032CC00 /* Debug */ = {
			isa = XCBuildConfiguration;
			buildSettings = {
				CLANG_ENABLE_MODULES = YES;
				"CODE_SIGN_IDENTITY[sdk=iphoneos*]" = "";
				CURRENT_PROJECT_VERSION = 1;
				DEFINES_MODULE = YES;
				DYLIB_COMPATIBILITY_VERSION = 1;
				DYLIB_CURRENT_VERSION = 1;
				DYLIB_INSTALL_NAME_BASE = "@rpath";
				FRAMEWORK_SEARCH_PATHS = (
					"$(inherited)",
					"$(PROJECT_DIR)/Carthage/Build/iOS",
				);
				INFOPLIST_FILE = Model/Info.plist;
				INSTALL_PATH = "$(LOCAL_LIBRARY_DIR)/Frameworks";
				LD_RUNPATH_SEARCH_PATHS = "$(inherited) @executable_path/Frameworks @loader_path/Frameworks";
				PRODUCT_BUNDLE_IDENTIFIER = com.dewire.dehub.Model;
				PRODUCT_NAME = "$(TARGET_NAME)";
				SKIP_INSTALL = YES;
				SWIFT_OPTIMIZATION_LEVEL = "-Onone";
				SWIFT_VERSION = 3.0;
				VERSIONING_SYSTEM = "apple-generic";
				VERSION_INFO_PREFIX = "";
			};
			name = Debug;
		};
		D3BD74551D0431B50032CC00 /* Release */ = {
			isa = XCBuildConfiguration;
			buildSettings = {
				CLANG_ENABLE_MODULES = YES;
				"CODE_SIGN_IDENTITY[sdk=iphoneos*]" = "";
				CURRENT_PROJECT_VERSION = 1;
				DEFINES_MODULE = YES;
				DYLIB_COMPATIBILITY_VERSION = 1;
				DYLIB_CURRENT_VERSION = 1;
				DYLIB_INSTALL_NAME_BASE = "@rpath";
				FRAMEWORK_SEARCH_PATHS = (
					"$(inherited)",
					"$(PROJECT_DIR)/Carthage/Build/iOS",
				);
				INFOPLIST_FILE = Model/Info.plist;
				INSTALL_PATH = "$(LOCAL_LIBRARY_DIR)/Frameworks";
				LD_RUNPATH_SEARCH_PATHS = "$(inherited) @executable_path/Frameworks @loader_path/Frameworks";
				PRODUCT_BUNDLE_IDENTIFIER = com.dewire.dehub.Model;
				PRODUCT_NAME = "$(TARGET_NAME)";
				SKIP_INSTALL = YES;
				SWIFT_VERSION = 3.0;
				VERSIONING_SYSTEM = "apple-generic";
				VERSION_INFO_PREFIX = "";
			};
			name = Release;
		};
		D3BD74581D0431B50032CC00 /* Debug */ = {
			isa = XCBuildConfiguration;
			buildSettings = {
				FRAMEWORK_SEARCH_PATHS = (
					"$(inherited)",
					"$(PROJECT_DIR)/Carthage/Build/iOS",
				);
				INFOPLIST_FILE = ModelTests/Info.plist;
				LD_RUNPATH_SEARCH_PATHS = "$(inherited) @executable_path/Frameworks @loader_path/Frameworks";
				PRODUCT_BUNDLE_IDENTIFIER = com.dewire.dehub.ModelTests;
				PRODUCT_NAME = "$(TARGET_NAME)";
				TEST_HOST = "$(BUILT_PRODUCTS_DIR)/DeHub.app/DeHub";
			};
			name = Debug;
		};
		D3BD74591D0431B50032CC00 /* Release */ = {
			isa = XCBuildConfiguration;
			buildSettings = {
				FRAMEWORK_SEARCH_PATHS = (
					"$(inherited)",
					"$(PROJECT_DIR)/Carthage/Build/iOS",
				);
				INFOPLIST_FILE = ModelTests/Info.plist;
				LD_RUNPATH_SEARCH_PATHS = "$(inherited) @executable_path/Frameworks @loader_path/Frameworks";
				PRODUCT_BUNDLE_IDENTIFIER = com.dewire.dehub.ModelTests;
				PRODUCT_NAME = "$(TARGET_NAME)";
				TEST_HOST = "$(BUILT_PRODUCTS_DIR)/DeHub.app/DeHub";
			};
			name = Release;
		};
		D3BD74771D0431F10032CC00 /* Debug */ = {
			isa = XCBuildConfiguration;
			buildSettings = {
				CLANG_ENABLE_MODULES = YES;
				"CODE_SIGN_IDENTITY[sdk=iphoneos*]" = "";
				CURRENT_PROJECT_VERSION = 1;
				DEFINES_MODULE = YES;
				DYLIB_COMPATIBILITY_VERSION = 1;
				DYLIB_CURRENT_VERSION = 1;
				DYLIB_INSTALL_NAME_BASE = "@rpath";
				FRAMEWORK_SEARCH_PATHS = (
					"$(inherited)",
					"$(PROJECT_DIR)/Carthage/Build/iOS",
				);
				INFOPLIST_FILE = Scene/Info.plist;
				INSTALL_PATH = "$(LOCAL_LIBRARY_DIR)/Frameworks";
				LD_RUNPATH_SEARCH_PATHS = "$(inherited) @executable_path/Frameworks @loader_path/Frameworks";
				PRODUCT_BUNDLE_IDENTIFIER = com.dewire.dehub.Scene;
				PRODUCT_NAME = "$(TARGET_NAME)";
				SKIP_INSTALL = YES;
				SWIFT_OPTIMIZATION_LEVEL = "-Onone";
				SWIFT_VERSION = 3.0;
				VERSIONING_SYSTEM = "apple-generic";
				VERSION_INFO_PREFIX = "";
			};
			name = Debug;
		};
		D3BD74781D0431F10032CC00 /* Release */ = {
			isa = XCBuildConfiguration;
			buildSettings = {
				CLANG_ENABLE_MODULES = YES;
				"CODE_SIGN_IDENTITY[sdk=iphoneos*]" = "";
				CURRENT_PROJECT_VERSION = 1;
				DEFINES_MODULE = YES;
				DYLIB_COMPATIBILITY_VERSION = 1;
				DYLIB_CURRENT_VERSION = 1;
				DYLIB_INSTALL_NAME_BASE = "@rpath";
				FRAMEWORK_SEARCH_PATHS = (
					"$(inherited)",
					"$(PROJECT_DIR)/Carthage/Build/iOS",
				);
				INFOPLIST_FILE = Scene/Info.plist;
				INSTALL_PATH = "$(LOCAL_LIBRARY_DIR)/Frameworks";
				LD_RUNPATH_SEARCH_PATHS = "$(inherited) @executable_path/Frameworks @loader_path/Frameworks";
				PRODUCT_BUNDLE_IDENTIFIER = com.dewire.dehub.Scene;
				PRODUCT_NAME = "$(TARGET_NAME)";
				SKIP_INSTALL = YES;
				SWIFT_VERSION = 3.0;
				VERSIONING_SYSTEM = "apple-generic";
				VERSION_INFO_PREFIX = "";
			};
			name = Release;
		};
		D3BD747A1D0431F10032CC00 /* Debug */ = {
			isa = XCBuildConfiguration;
			buildSettings = {
				FRAMEWORK_SEARCH_PATHS = (
					"$(inherited)",
					"$(PROJECT_DIR)/Carthage/Build/iOS",
				);
				INFOPLIST_FILE = SceneTests/Info.plist;
				LD_RUNPATH_SEARCH_PATHS = "$(inherited) @executable_path/Frameworks @loader_path/Frameworks";
				PRODUCT_BUNDLE_IDENTIFIER = com.dewire.dehub.SceneTests;
				PRODUCT_NAME = "$(TARGET_NAME)";
				TEST_HOST = "$(BUILT_PRODUCTS_DIR)/DeHub.app/DeHub";
			};
			name = Debug;
		};
		D3BD747B1D0431F10032CC00 /* Release */ = {
			isa = XCBuildConfiguration;
			buildSettings = {
				FRAMEWORK_SEARCH_PATHS = (
					"$(inherited)",
					"$(PROJECT_DIR)/Carthage/Build/iOS",
				);
				INFOPLIST_FILE = SceneTests/Info.plist;
				LD_RUNPATH_SEARCH_PATHS = "$(inherited) @executable_path/Frameworks @loader_path/Frameworks";
				PRODUCT_BUNDLE_IDENTIFIER = com.dewire.dehub.SceneTests;
				PRODUCT_NAME = "$(TARGET_NAME)";
				TEST_HOST = "$(BUILT_PRODUCTS_DIR)/DeHub.app/DeHub";
			};
			name = Release;
		};
/* End XCBuildConfiguration section */

/* Begin XCConfigurationList section */
		D3BD74011D042E650032CC00 /* Build configuration list for PBXProject "DeHub" */ = {
			isa = XCConfigurationList;
			buildConfigurations = (
				D3BD742C1D042E650032CC00 /* Debug */,
				D3BD742D1D042E650032CC00 /* Release */,
			);
			defaultConfigurationIsVisible = 0;
			defaultConfigurationName = Release;
		};
		D3BD742E1D042E650032CC00 /* Build configuration list for PBXNativeTarget "DeHub" */ = {
			isa = XCConfigurationList;
			buildConfigurations = (
				D3BD742F1D042E650032CC00 /* Debug */,
				D3BD74301D042E650032CC00 /* Release */,
			);
			defaultConfigurationIsVisible = 0;
			defaultConfigurationName = Release;
		};
		D3BD74311D042E650032CC00 /* Build configuration list for PBXNativeTarget "DeHubTests" */ = {
			isa = XCConfigurationList;
			buildConfigurations = (
				D3BD74321D042E650032CC00 /* Debug */,
				D3BD74331D042E650032CC00 /* Release */,
			);
			defaultConfigurationIsVisible = 0;
			defaultConfigurationName = Release;
		};
		D3BD74341D042E650032CC00 /* Build configuration list for PBXNativeTarget "DeHubUITests" */ = {
			isa = XCConfigurationList;
			buildConfigurations = (
				D3BD74351D042E650032CC00 /* Debug */,
				D3BD74361D042E650032CC00 /* Release */,
			);
			defaultConfigurationIsVisible = 0;
			defaultConfigurationName = Release;
		};
		D3BD74531D0431B50032CC00 /* Build configuration list for PBXNativeTarget "Model" */ = {
			isa = XCConfigurationList;
			buildConfigurations = (
				D3BD74541D0431B50032CC00 /* Debug */,
				D3BD74551D0431B50032CC00 /* Release */,
			);
			defaultConfigurationIsVisible = 0;
			defaultConfigurationName = Release;
		};
		D3BD74571D0431B50032CC00 /* Build configuration list for PBXNativeTarget "ModelTests" */ = {
			isa = XCConfigurationList;
			buildConfigurations = (
				D3BD74581D0431B50032CC00 /* Debug */,
				D3BD74591D0431B50032CC00 /* Release */,
			);
			defaultConfigurationIsVisible = 0;
			defaultConfigurationName = Release;
		};
		D3BD74761D0431F10032CC00 /* Build configuration list for PBXNativeTarget "Scene" */ = {
			isa = XCConfigurationList;
			buildConfigurations = (
				D3BD74771D0431F10032CC00 /* Debug */,
				D3BD74781D0431F10032CC00 /* Release */,
			);
			defaultConfigurationIsVisible = 0;
			defaultConfigurationName = Release;
		};
		D3BD74791D0431F10032CC00 /* Build configuration list for PBXNativeTarget "SceneTests" */ = {
			isa = XCConfigurationList;
			buildConfigurations = (
				D3BD747A1D0431F10032CC00 /* Debug */,
				D3BD747B1D0431F10032CC00 /* Release */,
			);
			defaultConfigurationIsVisible = 0;
			defaultConfigurationName = Release;
		};
/* End XCConfigurationList section */
	};
	rootObject = D3BD73FE1D042E650032CC00 /* Project object */;
}
